
Microsoft Visual Studio Solution File, Format Version 12.00
# Visual Studio 15
VisualStudioVersion = 15.0.26730.8
MinimumVisualStudioVersion = 10.0.40219.1
Project("{FAE04EC0-301F-11D3-BF4B-00C04F79EFBC}") = "CV_SENDER", "CV_SENDER\CV_SENDER.csproj", "{9E9B62D3-FB3E-4267-8A7E-594E411B41B8}"
EndProject
Global
	GlobalSection(SolutionConfigurationPlatforms) = preSolution
		Debug|Any CPU = Debug|Any CPU
		Release|Any CPU = Release|Any CPU
	EndGlobalSection
	GlobalSection(ProjectConfigurationPlatforms) = postSolution
		{9E9B62D3-FB3E-4267-8A7E-594E411B41B8}.Debug|Any CPU.ActiveCfg = Debug|Any CPU
		{9E9B62D3-FB3E-4267-8A7E-594E411B41B8}.Debug|Any CPU.Build.0 = Debug|Any CPU
		{9E9B62D3-FB3E-4267-8A7E-594E411B41B8}.Release|Any CPU.ActiveCfg = Release|Any CPU
		{9E9B62D3-FB3E-4267-8A7E-594E411B41B8}.Release|Any CPU.Build.0 = Release|Any CPU
	EndGlobalSection
	GlobalSection(SolutionProperties) = preSolution
		HideSolutionNode = FALSE
	EndGlobalSection
	GlobalSection(ExtensibilityGlobals) = postSolution
		SolutionGuid = {55621A96-3DE5-4CDB-AAB8-6EC5F24C0514}
	EndGlobalSection
EndGlobal
